
Microsoft Visual Studio Solution File, Format Version 12.00
# Visual Studio 2013
VisualStudioVersion = 12.0.30723.0
MinimumVisualStudioVersion = 10.0.40219.1
Project("{FAE04EC0-301F-11D3-BF4B-00C04F79EFBC}") = "Lucene.Net.Contrib.Management", "Lucene.Net.Contrib.Management\Lucene.Net.Contrib.Management.csproj", "{FB47E2AE-DC85-4A77-9FFB-2843B984C87B}"
EndProject
Global
	GlobalSection(SolutionConfigurationPlatforms) = preSolution
		Debug|Any CPU = Debug|Any CPU
		Release|Any CPU = Release|Any CPU
	EndGlobalSection
	GlobalSection(ProjectConfigurationPlatforms) = postSolution
		{FB47E2AE-DC85-4A77-9FFB-2843B984C87B}.Debug|Any CPU.ActiveCfg = Debug|Any CPU
		{FB47E2AE-DC85-4A77-9FFB-2843B984C87B}.Debug|Any CPU.Build.0 = Debug|Any CPU
		{FB47E2AE-DC85-4A77-9FFB-2843B984C87B}.Release|Any CPU.ActiveCfg = Release|Any CPU
		{FB47E2AE-DC85-4A77-9FFB-2843B984C87B}.Release|Any CPU.Build.0 = Release|Any CPU
	EndGlobalSection
	GlobalSection(SolutionProperties) = preSolution
		HideSolutionNode = FALSE
	EndGlobalSection
EndGlobal
